// !$*UTF8*$!
{
	archiveVersion = 1;
	classes = {
	};
	objectVersion = 77;
	objects = {

/* Begin PBXContainerItemProxy section */
		BFA8E1992DDE36ED008C4934 /* PBXContainerItemProxy */ = {
			isa = PBXContainerItemProxy;
			containerPortal = BFA8E1802DDE36EB008C4934 /* Project object */;
			proxyType = 1;
			remoteGlobalIDString = BFA8E1872DDE36EB008C4934;
			remoteInfo = FitnessAgent;
		};
		BFA8E1A32DDE36ED008C4934 /* PBXContainerItemProxy */ = {
			isa = PBXContainerItemProxy;
			containerPortal = BFA8E1802DDE36EB008C4934 /* Project object */;
			proxyType = 1;
			remoteGlobalIDString = BFA8E1872DDE36EB008C4934;
			remoteInfo = FitnessAgent;
		};
/* End PBXContainerItemProxy section */

/* Begin PBXFileReference section */
		BFA8E1882DDE36EB008C4934 /* FitnessAgent.app */ = {isa = PBXFileReference; explicitFileType = wrapper.application; includeInIndex = 0; path = FitnessAgent.app; sourceTree = BUILT_PRODUCTS_DIR; };
		BFA8E1982DDE36ED008C4934 /* FitnessAgentTests.xctest */ = {isa = PBXFileReference; explicitFileType = wrapper.cfbundle; includeInIndex = 0; path = FitnessAgentTests.xctest; sourceTree = BUILT_PRODUCTS_DIR; };
		BFA8E1A22DDE36ED008C4934 /* FitnessAgentUITests.xctest */ = {isa = PBXFileReference; explicitFileType = wrapper.cfbundle; includeInIndex = 0; path = FitnessAgentUITests.xctest; sourceTree = BUILT_PRODUCTS_DIR; };
/* End PBXFileReference section */

/* Begin PBXFileSystemSynchronizedBuildFileExceptionSet section */
		BFA8E6A12DE75124008C4934 /* Exceptions for "FitnessAgent" folder in "FitnessAgent" target */ = {
			isa = PBXFileSystemSynchronizedBuildFileExceptionSet;
			membershipExceptions = (
				Info.plist,
			);
			target = BFA8E1872DDE36EB008C4934 /* FitnessAgent */;
		};
/* End PBXFileSystemSynchronizedBuildFileExceptionSet section */

/* Begin PBXFileSystemSynchronizedRootGroup section */
		BFA8E18A2DDE36EB008C4934 /* FitnessAgent */ = {
			isa = PBXFileSystemSynchronizedRootGroup;
			exceptions = (
				BFA8E6A12DE75124008C4934 /* Exceptions for "FitnessAgent" folder in "FitnessAgent" target */,
			);
			path = FitnessAgent;
			sourceTree = "<group>";
		};
		BFA8E19B2DDE36ED008C4934 /* FitnessAgentTests */ = {
			isa = PBXFileSystemSynchronizedRootGroup;
			path = FitnessAgentTests;
			sourceTree = "<group>";
		};
		BFA8E1A52DDE36ED008C4934 /* FitnessAgentUITests */ = {
			isa = PBXFileSystemSynchronizedRootGroup;
			path = FitnessAgentUITests;
			sourceTree = "<group>";
		};
/* End PBXFileSystemSynchronizedRootGroup section */

/* Begin PBXFrameworksBuildPhase section */
		BFA8E1852DDE36EB008C4934 /* Frameworks */ = {
			isa = PBXFrameworksBuildPhase;
			buildActionMask = 2147483647;
			files = (
			);
			runOnlyForDeploymentPostprocessing = 0;
		};
		BFA8E1952DDE36ED008C4934 /* Frameworks */ = {
			isa = PBXFrameworksBuildPhase;
			buildActionMask = 2147483647;
			files = (
			);
			runOnlyForDeploymentPostprocessing = 0;
		};
		BFA8E19F2DDE36ED008C4934 /* Frameworks */ = {
			isa = PBXFrameworksBuildPhase;
			buildActionMask = 2147483647;
			files = (
			);
			runOnlyForDeploymentPostprocessing = 0;
		};
/* End PBXFrameworksBuildPhase section */

/* Begin PBXGroup section */
		BFA8E17F2DDE36EB008C4934 = {
			isa = PBXGroup;
			children = (
				BFA8E18A2DDE36EB008C4934 /* FitnessAgent */,
				BFA8E19B2DDE36ED008C4934 /* FitnessAgentTests */,
				BFA8E1A52DDE36ED008C4934 /* FitnessAgentUITests */,
				BFA8E1892DDE36EB008C4934 /* Products */,
			);
			sourceTree = "<group>";
		};
		BFA8E1892DDE36EB008C4934 /* Products */ = {
			isa = PBXGroup;
			children = (
				BFA8E1882DDE36EB008C4934 /* FitnessAgent.app */,
				BFA8E1982DDE36ED008C4934 /* FitnessAgentTests.xctest */,
				BFA8E1A22DDE36ED008C4934 /* FitnessAgentUITests.xctest */,
			);
			name = Products;
			sourceTree = "<group>";
		};
/* End PBXGroup section */

/* Begin PBXNativeTarget section */
		BFA8E1872DDE36EB008C4934 /* FitnessAgent */ = {
			isa = PBXNativeTarget;
			buildConfigurationList = BFA8E1AC2DDE36ED008C4934 /* Build configuration list for PBXNativeTarget "FitnessAgent" */;
			buildPhases = (
				BFA8E1842DDE36EB008C4934 /* Sources */,
				BFA8E1852DDE36EB008C4934 /* Frameworks */,
				BFA8E1862DDE36EB008C4934 /* Resources */,
			);
			buildRules = (
			);
			dependencies = (
			);
			fileSystemSynchronizedGroups = (
				BFA8E18A2DDE36EB008C4934 /* FitnessAgent */,
			);
			name = FitnessAgent;
			packageProductDependencies = (
			);
			productName = FitnessAgent;
			productReference = BFA8E1882DDE36EB008C4934 /* FitnessAgent.app */;
			productType = "com.apple.product-type.application";
		};
		BFA8E1972DDE36ED008C4934 /* FitnessAgentTests */ = {
			isa = PBXNativeTarget;
			buildConfigurationList = BFA8E1AF2DDE36ED008C4934 /* Build configuration list for PBXNativeTarget "FitnessAgentTests" */;
			buildPhases = (
				BFA8E1942DDE36ED008C4934 /* Sources */,
				BFA8E1952DDE36ED008C4934 /* Frameworks */,
				BFA8E1962DDE36ED008C4934 /* Resources */,
			);
			buildRules = (
			);
			dependencies = (
				BFA8E19A2DDE36ED008C4934 /* PBXTargetDependency */,
			);
			fileSystemSynchronizedGroups = (
				BFA8E19B2DDE36ED008C4934 /* FitnessAgentTests */,
			);
			name = FitnessAgentTests;
			packageProductDependencies = (
			);
			productName = FitnessAgentTests;
			productReference = BFA8E1982DDE36ED008C4934 /* FitnessAgentTests.xctest */;
			productType = "com.apple.product-type.bundle.unit-test";
		};
		BFA8E1A12DDE36ED008C4934 /* FitnessAgentUITests */ = {
			isa = PBXNativeTarget;
			buildConfigurationList = BFA8E1B22DDE36ED008C4934 /* Build configuration list for PBXNativeTarget "FitnessAgentUITests" */;
			buildPhases = (
				BFA8E19E2DDE36ED008C4934 /* Sources */,
				BFA8E19F2DDE36ED008C4934 /* Frameworks */,
				BFA8E1A02DDE36ED008C4934 /* Resources */,
			);
			buildRules = (
			);
			dependencies = (
				BFA8E1A42DDE36ED008C4934 /* PBXTargetDependency */,
			);
			fileSystemSynchronizedGroups = (
				BFA8E1A52DDE36ED008C4934 /* FitnessAgentUITests */,
			);
			name = FitnessAgentUITests;
			packageProductDependencies = (
			);
			productName = FitnessAgentUITests;
			productReference = BFA8E1A22DDE36ED008C4934 /* FitnessAgentUITests.xctest */;
			productType = "com.apple.product-type.bundle.ui-testing";
		};
/* End PBXNativeTarget section */

/* Begin PBXProject section */
		BFA8E1802DDE36EB008C4934 /* Project object */ = {
			isa = PBXProject;
			attributes = {
				BuildIndependentTargetsInParallel = 1;
				LastSwiftUpdateCheck = 1630;
				LastUpgradeCheck = 1630;
				TargetAttributes = {
					BFA8E1872DDE36EB008C4934 = {
						CreatedOnToolsVersion = 16.3;
					};
					BFA8E1972DDE36ED008C4934 = {
						CreatedOnToolsVersion = 16.3;
						TestTargetID = BFA8E1872DDE36EB008C4934;
					};
					BFA8E1A12DDE36ED008C4934 = {
						CreatedOnToolsVersion = 16.3;
						TestTargetID = BFA8E1872DDE36EB008C4934;
					};
				};
			};
			buildConfigurationList = BFA8E1832DDE36EB008C4934 /* Build configuration list for PBXProject "FitnessAgent" */;
			developmentRegion = en;
			hasScannedForEncodings = 0;
			knownRegions = (
				en,
				Base,
			);
			mainGroup = BFA8E17F2DDE36EB008C4934;
			minimizedProjectReferenceProxies = 1;
			preferredProjectObjectVersion = 77;
			productRefGroup = BFA8E1892DDE36EB008C4934 /* Products */;
			projectDirPath = "";
			projectRoot = "";
			targets = (
				BFA8E1872DDE36EB008C4934 /* FitnessAgent */,
				BFA8E1972DDE36ED008C4934 /* FitnessAgentTests */,
				BFA8E1A12DDE36ED008C4934 /* FitnessAgentUITests */,
			);
		};
/* End PBXProject section */

/* Begin PBXResourcesBuildPhase section */
		BFA8E1862DDE36EB008C4934 /* Resources */ = {
			isa = PBXResourcesBuildPhase;
			buildActionMask = 2147483647;
			files = (
			);
			runOnlyForDeploymentPostprocessing = 0;
		};
		BFA8E1962DDE36ED008C4934 /* Resources */ = {
			isa = PBXResourcesBuildPhase;
			buildActionMask = 2147483647;
			files = (
			);
			runOnlyForDeploymentPostprocessing = 0;
		};
		BFA8E1A02DDE36ED008C4934 /* Resources */ = {
			isa = PBXResourcesBuildPhase;
			buildActionMask = 2147483647;
			files = (
			);
			runOnlyForDeploymentPostprocessing = 0;
		};
/* End PBXResourcesBuildPhase section */

/* Begin PBXSourcesBuildPhase section */
		BFA8E1842DDE36EB008C4934 /* Sources */ = {
			isa = PBXSourcesBuildPhase;
			buildActionMask = 2147483647;
			files = (
			);
			runOnlyForDeploymentPostprocessing = 0;
		};
		BFA8E1942DDE36ED008C4934 /* Sources */ = {
			isa = PBXSourcesBuildPhase;
			buildActionMask = 2147483647;
			files = (
			);
			runOnlyForDeploymentPostprocessing = 0;
		};
		BFA8E19E2DDE36ED008C4934 /* Sources */ = {
			isa = PBXSourcesBuildPhase;
			buildActionMask = 2147483647;
			files = (
			);
			runOnlyForDeploymentPostprocessing = 0;
		};
/* End PBXSourcesBuildPhase section */

/* Begin PBXTargetDependency section */
		BFA8E19A2DDE36ED008C4934 /* PBXTargetDependency */ = {
			isa = PBXTargetDependency;
			target = BFA8E1872DDE36EB008C4934 /* FitnessAgent */;
			targetProxy = BFA8E1992DDE36ED008C4934 /* PBXContainerItemProxy */;
		};
		BFA8E1A42DDE36ED008C4934 /* PBXTargetDependency */ = {
			isa = PBXTargetDependency;
			target = BFA8E1872DDE36EB008C4934 /* FitnessAgent */;
			targetProxy = BFA8E1A32DDE36ED008C4934 /* PBXContainerItemProxy */;
		};
/* End PBXTargetDependency section */

/* Begin XCBuildConfiguration section */
		BFA8E1AA2DDE36ED008C4934 /* Debug */ = {
			isa = XCBuildConfiguration;
			buildSettings = {
				ALWAYS_SEARCH_USER_PATHS = NO;
				ASSETCATALOG_COMPILER_GENERATE_SWIFT_ASSET_SYMBOL_EXTENSIONS = YES;
				CLANG_ANALYZER_NONNULL = YES;
				CLANG_ANALYZER_NUMBER_OBJECT_CONVERSION = YES_AGGRESSIVE;
				CLANG_CXX_LANGUAGE_STANDARD = "gnu++20";
				CLANG_ENABLE_MODULES = YES;
				CLANG_ENABLE_OBJC_ARC = YES;
				CLANG_ENABLE_OBJC_WEAK = YES;
				CLANG_WARN_BLOCK_CAPTURE_AUTORELEASING = YES;
				CLANG_WARN_BOOL_CONVERSION = YES;
				CLANG_WARN_COMMA = YES;
				CLANG_WARN_CONSTANT_CONVERSION = YES;
				CLANG_WARN_DEPRECATED_OBJC_IMPLEMENTATIONS = YES;
				CLANG_WARN_DIRECT_OBJC_ISA_USAGE = YES_ERROR;
				CLANG_WARN_DOCUMENTATION_COMMENTS = YES;
				CLANG_WARN_EMPTY_BODY = YES;
				CLANG_WARN_ENUM_CONVERSION = YES;
				CLANG_WARN_INFINITE_RECURSION = YES;
				CLANG_WARN_INT_CONVERSION = YES;
				CLANG_WARN_NON_LITERAL_NULL_CONVERSION = YES;
				CLANG_WARN_OBJC_IMPLICIT_RETAIN_SELF = YES;
				CLANG_WARN_OBJC_LITERAL_CONVERSION = YES;
				CLANG_WARN_OBJC_ROOT_CLASS = YES_ERROR;
				CLANG_WARN_QUOTED_INCLUDE_IN_FRAMEWORK_HEADER = YES;
				CLANG_WARN_RANGE_LOOP_ANALYSIS = YES;
				CLANG_WARN_STRICT_PROTOTYPES = YES;
				CLANG_WARN_SUSPICIOUS_MOVE = YES;
				CLANG_WARN_UNGUARDED_AVAILABILITY = YES_AGGRESSIVE;
				CLANG_WARN_UNREACHABLE_CODE = YES;
				CLANG_WARN__DUPLICATE_METHOD_MATCH = YES;
				COPY_PHASE_STRIP = NO;
				DEBUG_INFORMATION_FORMAT = dwarf;
				DEVELOPMENT_TEAM = BMZMVWGL7D;
				ENABLE_STRICT_OBJC_MSGSEND = YES;
				ENABLE_TESTABILITY = YES;
				ENABLE_USER_SCRIPT_SANDBOXING = YES;
				GCC_C_LANGUAGE_STANDARD = gnu17;
				GCC_DYNAMIC_NO_PIC = NO;
				GCC_NO_COMMON_BLOCKS = YES;
				GCC_OPTIMIZATION_LEVEL = 0;
				GCC_PREPROCESSOR_DEFINITIONS = (
					"DEBUG=1",
					"$(inherited)",
				);
				GCC_WARN_64_TO_32_BIT_CONVERSION = YES;
				GCC_WARN_ABOUT_RETURN_TYPE = YES_ERROR;
				GCC_WARN_UNDECLARED_SELECTOR = YES;
				GCC_WARN_UNINITIALIZED_AUTOS = YES_AGGRESSIVE;
				GCC_WARN_UNUSED_FUNCTION = YES;
				GCC_WARN_UNUSED_VARIABLE = YES;
				LOCALIZATION_PREFERS_STRING_CATALOGS = YES;
				MTL_ENABLE_DEBUG_INFO = INCLUDE_SOURCE;
				MTL_FAST_MATH = YES;
				ONLY_ACTIVE_ARCH = YES;
				SWIFT_ACTIVE_COMPILATION_CONDITIONS = "DEBUG $(inherited)";
				SWIFT_OPTIMIZATION_LEVEL = "-Onone";
			};
			name = Debug;
		};
		BFA8E1AB2DDE36ED008C4934 /* Release */ = {
			isa = XCBuildConfiguration;
			buildSettings = {
				ALWAYS_SEARCH_USER_PATHS = NO;
				ASSETCATALOG_COMPILER_GENERATE_SWIFT_ASSET_SYMBOL_EXTENSIONS = YES;
				CLANG_ANALYZER_NONNULL = YES;
				CLANG_ANALYZER_NUMBER_OBJECT_CONVERSION = YES_AGGRESSIVE;
				CLANG_CXX_LANGUAGE_STANDARD = "gnu++20";
				CLANG_ENABLE_MODULES = YES;
				CLANG_ENABLE_OBJC_ARC = YES;
				CLANG_ENABLE_OBJC_WEAK = YES;
				CLANG_WARN_BLOCK_CAPTURE_AUTORELEASING = YES;
				CLANG_WARN_BOOL_CONVERSION = YES;
				CLANG_WARN_COMMA = YES;
				CLANG_WARN_CONSTANT_CONVERSION = YES;
				CLANG_WARN_DEPRECATED_OBJC_IMPLEMENTATIONS = YES;
				CLANG_WARN_DIRECT_OBJC_ISA_USAGE = YES_ERROR;
				CLANG_WARN_DOCUMENTATION_COMMENTS = YES;
				CLANG_WARN_EMPTY_BODY = YES;
				CLANG_WARN_ENUM_CONVERSION = YES;
				CLANG_WARN_INFINITE_RECURSION = YES;
				CLANG_WARN_INT_CONVERSION = YES;
				CLANG_WARN_NON_LITERAL_NULL_CONVERSION = YES;
				CLANG_WARN_OBJC_IMPLICIT_RETAIN_SELF = YES;
				CLANG_WARN_OBJC_LITERAL_CONVERSION = YES;
				CLANG_WARN_OBJC_ROOT_CLASS = YES_ERROR;
				CLANG_WARN_QUOTED_INCLUDE_IN_FRAMEWORK_HEADER = YES;
				CLANG_WARN_RANGE_LOOP_ANALYSIS = YES;
				CLANG_WARN_STRICT_PROTOTYPES = YES;
				CLANG_WARN_SUSPICIOUS_MOVE = YES;
				CLANG_WARN_UNGUARDED_AVAILABILITY = YES_AGGRESSIVE;
				CLANG_WARN_UNREACHABLE_CODE = YES;
				CLANG_WARN__DUPLICATE_METHOD_MATCH = YES;
				COPY_PHASE_STRIP = NO;
				DEBUG_INFORMATION_FORMAT = "dwarf-with-dsym";
				DEVELOPMENT_TEAM = BMZMVWGL7D;
				ENABLE_NS_ASSERTIONS = NO;
				ENABLE_STRICT_OBJC_MSGSEND = YES;
				ENABLE_USER_SCRIPT_SANDBOXING = YES;
				GCC_C_LANGUAGE_STANDARD = gnu17;
				GCC_NO_COMMON_BLOCKS = YES;
				GCC_WARN_64_TO_32_BIT_CONVERSION = YES;
				GCC_WARN_ABOUT_RETURN_TYPE = YES_ERROR;
				GCC_WARN_UNDECLARED_SELECTOR = YES;
				GCC_WARN_UNINITIALIZED_AUTOS = YES_AGGRESSIVE;
				GCC_WARN_UNUSED_FUNCTION = YES;
				GCC_WARN_UNUSED_VARIABLE = YES;
				LOCALIZATION_PREFERS_STRING_CATALOGS = YES;
				MTL_ENABLE_DEBUG_INFO = NO;
				MTL_FAST_MATH = YES;
				SWIFT_COMPILATION_MODE = wholemodule;
			};
			name = Release;
		};
		BFA8E1AD2DDE36ED008C4934 /* Debug */ = {
			isa = XCBuildConfiguration;
			buildSettings = {
				ASSETCATALOG_COMPILER_APPICON_NAME = AppIcon;
				ASSETCATALOG_COMPILER_GLOBAL_ACCENT_COLOR_NAME = AccentColor;
				CODE_SIGN_ENTITLEMENTS = FitnessAgent/FitnessAgent.entitlements;
				CODE_SIGN_STYLE = Automatic;
				CURRENT_PROJECT_VERSION = 1;
				DEVELOPMENT_TEAM = BMZMVWGL7D;
				ENABLE_HARDENED_RUNTIME = YES;
				ENABLE_PREVIEWS = YES;
				GENERATE_INFOPLIST_FILE = YES;
				INFOPLIST_FILE = FitnessAgent/Info.plist;
				INFOPLIST_KEY_NSHealthShareUsageDescription = "This app needs access to health data to track your fitness progress";
				INFOPLIST_KEY_NSHealthUpdateUsageDescription = "This app needs to update health data to record your activities.";
				"INFOPLIST_KEY_UIApplicationSceneManifest_Generation[sdk=iphoneos*]" = YES;
				"INFOPLIST_KEY_UIApplicationSceneManifest_Generation[sdk=iphonesimulator*]" = YES;
				"INFOPLIST_KEY_UIApplicationSupportsIndirectInputEvents[sdk=iphoneos*]" = YES;
				"INFOPLIST_KEY_UIApplicationSupportsIndirectInputEvents[sdk=iphonesimulator*]" = YES;
				"INFOPLIST_KEY_UILaunchScreen_Generation[sdk=iphoneos*]" = YES;
				"INFOPLIST_KEY_UILaunchScreen_Generation[sdk=iphonesimulator*]" = YES;
				"INFOPLIST_KEY_UIStatusBarStyle[sdk=iphoneos*]" = UIStatusBarStyleDefault;
				"INFOPLIST_KEY_UIStatusBarStyle[sdk=iphonesimulator*]" = UIStatusBarStyleDefault;
				INFOPLIST_KEY_UISupportedInterfaceOrientations_iPad = "UIInterfaceOrientationPortrait UIInterfaceOrientationPortraitUpsideDown UIInterfaceOrientationLandscapeLeft UIInterfaceOrientationLandscapeRight";
				INFOPLIST_KEY_UISupportedInterfaceOrientations_iPhone = "UIInterfaceOrientationPortrait UIInterfaceOrientationLandscapeLeft UIInterfaceOrientationLandscapeRight";
				IPHONEOS_DEPLOYMENT_TARGET = 18.4;
				LD_RUNPATH_SEARCH_PATHS = "@executable_path/Frameworks";
				"LD_RUNPATH_SEARCH_PATHS[sdk=macosx*]" = "@executable_path/../Frameworks";
				MACOSX_DEPLOYMENT_TARGET = 14.0;
				MARKETING_VERSION = 1.0;
				PRODUCT_BUNDLE_IDENTIFIER = com.vincent.FitnessAgent;
				PRODUCT_NAME = "$(TARGET_NAME)";
				REGISTER_APP_GROUPS = YES;
				SDKROOT = auto;
				SUPPORTED_PLATFORMS = "iphoneos iphonesimulator macosx xros xrsimulator";
				SWIFT_EMIT_LOC_STRINGS = YES;
				SWIFT_VERSION = 5.0;
				TARGETED_DEVICE_FAMILY = "1,2,7";
				XROS_DEPLOYMENT_TARGET = 2.4;
			};
			name = Debug;
		};
		BFA8E1AE2DDE36ED008C4934 /* Release */ = {
			isa = XCBuildConfiguration;
			buildSettings = {
				ASSETCATALOG_COMPILER_APPICON_NAME = AppIcon;
				ASSETCATALOG_COMPILER_GLOBAL_ACCENT_COLOR_NAME = AccentColor;
				CODE_SIGN_ENTITLEMENTS = FitnessAgent/FitnessAgent.entitlements;
				CODE_SIGN_STYLE = Automatic;
				CURRENT_PROJECT_VERSION = 1;
				DEVELOPMENT_TEAM = BMZMVWGL7D;
				ENABLE_HARDENED_RUNTIME = YES;
				ENABLE_PREVIEWS = YES;
				GENERATE_INFOPLIST_FILE = YES;
				INFOPLIST_FILE = FitnessAgent/Info.plist;
				INFOPLIST_KEY_NSHealthShareUsageDescription = "This app needs access to health data to track your fitness progress";
				INFOPLIST_KEY_NSHealthUpdateUsageDescription = "This app needs to update health data to record your activities.";
				"INFOPLIST_KEY_UIApplicationSceneManifest_Generation[sdk=iphoneos*]" = YES;
				"INFOPLIST_KEY_UIApplicationSceneManifest_Generation[sdk=iphonesimulator*]" = YES;
				"INFOPLIST_KEY_UIApplicationSupportsIndirectInputEvents[sdk=iphoneos*]" = YES;
				"INFOPLIST_KEY_UIApplicationSupportsIndirectInputEvents[sdk=iphonesimulator*]" = YES;
				"INFOPLIST_KEY_UILaunchScreen_Generation[sdk=iphoneos*]" = YES;
				"INFOPLIST_KEY_UILaunchScreen_Generation[sdk=iphonesimulator*]" = YES;
				"INFOPLIST_KEY_UIStatusBarStyle[sdk=iphoneos*]" = UIStatusBarStyleDefault;
				"INFOPLIST_KEY_UIStatusBarStyle[sdk=iphonesimulator*]" = UIStatusBarStyleDefault;
				INFOPLIST_KEY_UISupportedInterfaceOrientations_iPad = "UIInterfaceOrientationPortrait UIInterfaceOrientationPortraitUpsideDown UIInterfaceOrientationLandscapeLeft UIInterfaceOrientationLandscapeRight";
				INFOPLIST_KEY_UISupportedInterfaceOrientations_iPhone = "UIInterfaceOrientationPortrait UIInterfaceOrientationLandscapeLeft UIInterfaceOrientationLandscapeRight";
				IPHONEOS_DEPLOYMENT_TARGET = 18.4;
				LD_RUNPATH_SEARCH_PATHS = "@executable_path/Frameworks";
				"LD_RUNPATH_SEARCH_PATHS[sdk=macosx*]" = "@executable_path/../Frameworks";
				MACOSX_DEPLOYMENT_TARGET = 14.0;
				MARKETING_VERSION = 1.0;
				PRODUCT_BUNDLE_IDENTIFIER = com.vincent.FitnessAgent;
				PRODUCT_NAME = "$(TARGET_NAME)";
				REGISTER_APP_GROUPS = YES;
				SDKROOT = auto;
				SUPPORTED_PLATFORMS = "iphoneos iphonesimulator macosx xros xrsimulator";
				SWIFT_EMIT_LOC_STRINGS = YES;
				SWIFT_VERSION = 5.0;
				TARGETED_DEVICE_FAMILY = "1,2,7";
				XROS_DEPLOYMENT_TARGET = 2.4;
			};
			name = Release;
		};
		BFA8E1B02DDE36ED008C4934 /* Debug */ = {
			isa = XCBuildConfiguration;
			buildSettings = {
				BUNDLE_LOADER = "$(TEST_HOST)";
				CODE_SIGN_STYLE = Automatic;
				CURRENT_PROJECT_VERSION = 1;
				DEVELOPMENT_TEAM = BMZMVWGL7D;
				GENERATE_INFOPLIST_FILE = YES;
				IPHONEOS_DEPLOYMENT_TARGET = 18.4;
				MACOSX_DEPLOYMENT_TARGET = 15.4;
				MARKETING_VERSION = 1.0;
				PRODUCT_BUNDLE_IDENTIFIER = com.vincent.FitnessAgentTests;
				PRODUCT_NAME = "$(TARGET_NAME)";
				SDKROOT = auto;
				SUPPORTED_PLATFORMS = "iphoneos iphonesimulator macosx xros xrsimulator";
				SWIFT_EMIT_LOC_STRINGS = NO;
				SWIFT_VERSION = 5.0;
				TARGETED_DEVICE_FAMILY = "1,2,7";
				TEST_HOST = "$(BUILT_PRODUCTS_DIR)/FitnessAgent.app/$(BUNDLE_EXECUTABLE_FOLDER_PATH)/FitnessAgent";
				XROS_DEPLOYMENT_TARGET = 2.4;
			};
			name = Debug;
		};
		BFA8E1B12DDE36ED008C4934 /* Release */ = {
			isa = XCBuildConfiguration;
			buildSettings = {
				BUNDLE_LOADER = "$(TEST_HOST)";
				CODE_SIGN_STYLE = Automatic;
				CURRENT_PROJECT_VERSION = 1;
				DEVELOPMENT_TEAM = BMZMVWGL7D;
				GENERATE_INFOPLIST_FILE = YES;
				IPHONEOS_DEPLOYMENT_TARGET = 18.4;
				MACOSX_DEPLOYMENT_TARGET = 15.4;
				MARKETING_VERSION = 1.0;
				PRODUCT_BUNDLE_IDENTIFIER = com.vincent.FitnessAgentTests;
				PRODUCT_NAME = "$(TARGET_NAME)";
				SDKROOT = auto;
				SUPPORTED_PLATFORMS = "iphoneos iphonesimulator macosx xros xrsimulator";
				SWIFT_EMIT_LOC_STRINGS = NO;
				SWIFT_VERSION = 5.0;
				TARGETED_DEVICE_FAMILY = "1,2,7";
				TEST_HOST = "$(BUILT_PRODUCTS_DIR)/FitnessAgent.app/$(BUNDLE_EXECUTABLE_FOLDER_PATH)/FitnessAgent";
				XROS_DEPLOYMENT_TARGET = 2.4;
			};
			name = Release;
		};
		BFA8E1B32DDE36ED008C4934 /* Debug */ = {
			isa = XCBuildConfiguration;
			buildSettings = {
				CODE_SIGN_STYLE = Automatic;
				CURRENT_PROJECT_VERSION = 1;
				DEVELOPMENT_TEAM = BMZMVWGL7D;
				GENERATE_INFOPLIST_FILE = YES;
				IPHONEOS_DEPLOYMENT_TARGET = 18.4;
				MACOSX_DEPLOYMENT_TARGET = 15.4;
				MARKETING_VERSION = 1.0;
				PRODUCT_BUNDLE_IDENTIFIER = com.vincent.FitnessAgentUITests;
				PRODUCT_NAME = "$(TARGET_NAME)";
				SDKROOT = auto;
				SUPPORTED_PLATFORMS = "iphoneos iphonesimulator macosx xros xrsimulator";
				SWIFT_EMIT_LOC_STRINGS = NO;
				SWIFT_VERSION = 5.0;
				TARGETED_DEVICE_FAMILY = "1,2,7";
				TEST_TARGET_NAME = FitnessAgent;
				XROS_DEPLOYMENT_TARGET = 2.4;
			};
			name = Debug;
		};
		BFA8E1B42DDE36ED008C4934 /* Release */ = {
			isa = XCBuildConfiguration;
			buildSettings = {
				CODE_SIGN_STYLE = Automatic;
				CURRENT_PROJECT_VERSION = 1;
				DEVELOPMENT_TEAM = BMZMVWGL7D;
				GENERATE_INFOPLIST_FILE = YES;
				IPHONEOS_DEPLOYMENT_TARGET = 18.4;
				MACOSX_DEPLOYMENT_TARGET = 15.4;
				MARKETING_VERSION = 1.0;
				PRODUCT_BUNDLE_IDENTIFIER = com.vincent.FitnessAgentUITests;
				PRODUCT_NAME = "$(TARGET_NAME)";
				SDKROOT = auto;
				SUPPORTED_PLATFORMS = "iphoneos iphonesimulator macosx xros xrsimulator";
				SWIFT_EMIT_LOC_STRINGS = NO;
				SWIFT_VERSION = 5.0;
				TARGETED_DEVICE_FAMILY = "1,2,7";
				TEST_TARGET_NAME = FitnessAgent;
				XROS_DEPLOYMENT_TARGET = 2.4;
			};
			name = Release;
		};
/* End XCBuildConfiguration section */

/* Begin XCConfigurationList section */
		BFA8E1832DDE36EB008C4934 /* Build configuration list for PBXProject "FitnessAgent" */ = {
			isa = XCConfigurationList;
			buildConfigurations = (
				BFA8E1AA2DDE36ED008C4934 /* Debug */,
				BFA8E1AB2DDE36ED008C4934 /* Release */,
			);
			defaultConfigurationIsVisible = 0;
			defaultConfigurationName = Release;
		};
		BFA8E1AC2DDE36ED008C4934 /* Build configuration list for PBXNativeTarget "FitnessAgent" */ = {
			isa = XCConfigurationList;
			buildConfigurations = (
				BFA8E1AD2DDE36ED008C4934 /* Debug */,
				BFA8E1AE2DDE36ED008C4934 /* Release */,
			);
			defaultConfigurationIsVisible = 0;
			defaultConfigurationName = Release;
		};
		BFA8E1AF2DDE36ED008C4934 /* Build configuration list for PBXNativeTarget "FitnessAgentTests" */ = {
			isa = XCConfigurationList;
			buildConfigurations = (
				BFA8E1B02DDE36ED008C4934 /* Debug */,
				BFA8E1B12DDE36ED008C4934 /* Release */,
			);
			defaultConfigurationIsVisible = 0;
			defaultConfigurationName = Release;
		};
		BFA8E1B22DDE36ED008C4934 /* Build configuration list for PBXNativeTarget "FitnessAgentUITests" */ = {
			isa = XCConfigurationList;
			buildConfigurations = (
				BFA8E1B32DDE36ED008C4934 /* Debug */,
				BFA8E1B42DDE36ED008C4934 /* Release */,
			);
			defaultConfigurationIsVisible = 0;
			defaultConfigurationName = Release;
		};
/* End XCConfigurationList section */
	};
	rootObject = BFA8E1802DDE36EB008C4934 /* Project object */;
}
